
Microsoft Visual Studio Solution File, Format Version 12.00
# Visual Studio Version 17
VisualStudioVersion = 17.2.32616.157
MinimumVisualStudioVersion = 10.0.40219.1
Project("{FAE04EC0-301F-11D3-BF4B-00C04F79EFBC}") = "MoveImages", "MoveImages\MoveImages.csproj", "{5AE64B8F-8011-413E-BE37-B0B70139ADA2}"
EndProject
Global
	GlobalSection(SolutionConfigurationPlatforms) = preSolution
		Debug|Any CPU = Debug|Any CPU
		Release|Any CPU = Release|Any CPU
	EndGlobalSection
	GlobalSection(ProjectConfigurationPlatforms) = postSolution
		{5AE64B8F-8011-413E-BE37-B0B70139ADA2}.Debug|Any CPU.ActiveCfg = Debug|Any CPU
		{5AE64B8F-8011-413E-BE37-B0B70139ADA2}.Debug|Any CPU.Build.0 = Debug|Any CPU
		{5AE64B8F-8011-413E-BE37-B0B70139ADA2}.Release|Any CPU.ActiveCfg = Release|Any CPU
		{5AE64B8F-8011-413E-BE37-B0B70139ADA2}.Release|Any CPU.Build.0 = Release|Any CPU
	EndGlobalSection
	GlobalSection(SolutionProperties) = preSolution
		HideSolutionNode = FALSE
	EndGlobalSection
	GlobalSection(ExtensibilityGlobals) = postSolution
		SolutionGuid = {38244C42-8D33-4319-8401-05844B4C6B0C}
	EndGlobalSection
EndGlobal
